
Microsoft Visual Studio Solution File, Format Version 12.00
# Visual Studio Version 17
VisualStudioVersion = 17.6.33801.468
MinimumVisualStudioVersion = 10.0.40219.1
Project("{9A19103F-16F7-4668-BE54-9A1E7A4F7556}") = "MCloudStorage.API", "MCloudStorage.API\MCloudStorage.API.csproj", "{C0CE805E-B66C-4C6E-B737-C0A733BEB24D}"
EndProject
Project("{9A19103F-16F7-4668-BE54-9A1E7A4F7556}") = "MCloudStorage.Web", "MCloudStorage.Web\MCloudStorage.Web.csproj", "{67DF23E1-B7F4-4760-ADCA-838E4F0DD919}"
EndProject
Project("{2150E333-8FDC-42A3-9474-1A3956D46DE8}") = "src", "src", "{E374AFC7-C108-446D-B03C-B54B1A8AEBA6}"
EndProject
Project("{9A19103F-16F7-4668-BE54-9A1E7A4F7556}") = "MCloudStorage.IdentityServer", "src\IdentityServer\MCloudStorage.IdentityServer.csproj", "{5FC677D9-9420-478B-9BA5-8EE0206FA235}"
EndProject
Global
	GlobalSection(SolutionConfigurationPlatforms) = preSolution
		Debug|Any CPU = Debug|Any CPU
		Release|Any CPU = Release|Any CPU
	EndGlobalSection
	GlobalSection(ProjectConfigurationPlatforms) = postSolution
		{C0CE805E-B66C-4C6E-B737-C0A733BEB24D}.Debug|Any CPU.ActiveCfg = Debug|Any CPU
		{C0CE805E-B66C-4C6E-B737-C0A733BEB24D}.Debug|Any CPU.Build.0 = Debug|Any CPU
		{C0CE805E-B66C-4C6E-B737-C0A733BEB24D}.Release|Any CPU.ActiveCfg = Release|Any CPU
		{C0CE805E-B66C-4C6E-B737-C0A733BEB24D}.Release|Any CPU.Build.0 = Release|Any CPU
		{67DF23E1-B7F4-4760-ADCA-838E4F0DD919}.Debug|Any CPU.ActiveCfg = Debug|Any CPU
		{67DF23E1-B7F4-4760-ADCA-838E4F0DD919}.Debug|Any CPU.Build.0 = Debug|Any CPU
		{67DF23E1-B7F4-4760-ADCA-838E4F0DD919}.Release|Any CPU.ActiveCfg = Release|Any CPU
		{67DF23E1-B7F4-4760-ADCA-838E4F0DD919}.Release|Any CPU.Build.0 = Release|Any CPU
		{5FC677D9-9420-478B-9BA5-8EE0206FA235}.Debug|Any CPU.ActiveCfg = Debug|Any CPU
		{5FC677D9-9420-478B-9BA5-8EE0206FA235}.Debug|Any CPU.Build.0 = Debug|Any CPU
		{5FC677D9-9420-478B-9BA5-8EE0206FA235}.Release|Any CPU.ActiveCfg = Release|Any CPU
		{5FC677D9-9420-478B-9BA5-8EE0206FA235}.Release|Any CPU.Build.0 = Release|Any CPU
	EndGlobalSection
	GlobalSection(SolutionProperties) = preSolution
		HideSolutionNode = FALSE
	EndGlobalSection
	GlobalSection(NestedProjects) = preSolution
		{5FC677D9-9420-478B-9BA5-8EE0206FA235} = {E374AFC7-C108-446D-B03C-B54B1A8AEBA6}
	EndGlobalSection
	GlobalSection(ExtensibilityGlobals) = postSolution
		SolutionGuid = {D5DF9CBB-20D4-4E12-B289-ED6AB1A3AA67}
	EndGlobalSection
EndGlobal
